<?xml version="1.0" encoding="UTF-8" standalone="yes" ?>
<CodeBlocks_project_file>
	<FileVersion major="1" minor="6" />
	<Project>
		<Option title="cpp-tutorial" />
		<Option pch_mode="2" />
		<Option compiler="gcc" />
		<Build>
			<Target title="Debug">
				<Option output="bin/Debug/cpp-tutorial" prefix_auto="1" extension_auto="1" />
				<Option object_output="obj/Debug/" />
				<Option type="1" />
				<Option compiler="gcc" />
				<Compiler>
					<Add option="-g" />
					<Add directory="D:/code/demo/sciter/sciter-js-sdk-main/include" />
				</Compiler>
				<Linker>
					<Add option="-static" />
					<Add option="-municode" />
					<Add library="winmm" />
					<Add library="ws2_32" />
					<Add library="libole32" />
				</Linker>
			</Target>
			<Target title="Release">
				<Option output="bin/Release/cpp-tutorial" prefix_auto="1" extension_auto="1" />
				<Option object_output="obj/Release/" />
				<Option type="1" />
				<Option compiler="gcc" />
				<Compiler>
					<Add option="-O2" />
				</Compiler>
				<Linker>
					<Add option="-s" />
					<Add option="-static" />
				</Linker>
			</Target>
		</Build>
		<Compiler>
			<Add option="-Wall" />
			<Add directory="D:/code/cpp/lib/sciter-js-sdk-main/include" />
		</Compiler>
		<Linker>
			<Add option="-static" />
			<Add option="-municode" />
			<Add library="winmm" />
			<Add library="ws2_32" />
			<Add library="libole32" />
		</Linker>
		<ExtraCommands>
			<Add before='D:\code\cpp\lib\sciter-js-sdk-main\bin\windows\packfolder.exe res resources.cpp -v &quot;resources&quot;' />
		</ExtraCommands>
		<Unit filename=".clang-format" />
		<Unit filename=".gitattributes" />
		<Unit filename=".gitignore" />
		<Unit filename="README.md" />
		<Unit filename="cpp-tutorial.cbp" />
		<Unit filename="cpp-tutorial.depend" />
		<Unit filename="cpp-tutorial.layout" />
		<Unit filename="main.cpp" />
		<Unit filename="main.exe" />
		<Unit filename="pack-resources.bat" />
		<Unit filename="resources.cpp" />
		<Unit filename="sciter.dll" />
		<Unit filename="stdafx.h" />
		<Unit filename="test.cpp" />
		<Extensions />
	</Project>
</CodeBlocks_project_file>
